
Microsoft Visual Studio Solution File, Format Version 12.00
# Visual Studio 15
VisualStudioVersion = 15.0.28307.168
MinimumVisualStudioVersion = 10.0.40219.1
Project("{8BC9CEB8-8B4A-11D0-8D11-00A0C91BC942}") = "AsmB", "AsmB\AsmB.vcxproj", "{34AE67C5-82A3-48CB-9A74-2031B18D09F4}"
EndProject
Project("{8BC9CEB8-8B4A-11D0-8D11-00A0C91BC942}") = "Task2", "Task2\Task2.vcxproj", "{E1BE33B6-E591-4348-BE23-B8669EE16F08}"
EndProject
Global
	GlobalSection(SolutionConfigurationPlatforms) = preSolution
		Debug|x64 = Debug|x64
		Debug|x86 = Debug|x86
		Release|x64 = Release|x64
		Release|x86 = Release|x86
	EndGlobalSection
	GlobalSection(ProjectConfigurationPlatforms) = postSolution
		{34AE67C5-82A3-48CB-9A74-2031B18D09F4}.Debug|x64.ActiveCfg = Debug|x64
		{34AE67C5-82A3-48CB-9A74-2031B18D09F4}.Debug|x64.Build.0 = Debug|x64
		{34AE67C5-82A3-48CB-9A74-2031B18D09F4}.Debug|x86.ActiveCfg = Debug|Win32
		{34AE67C5-82A3-48CB-9A74-2031B18D09F4}.Debug|x86.Build.0 = Debug|Win32
		{34AE67C5-82A3-48CB-9A74-2031B18D09F4}.Release|x64.ActiveCfg = Release|x64
		{34AE67C5-82A3-48CB-9A74-2031B18D09F4}.Release|x64.Build.0 = Release|x64
		{34AE67C5-82A3-48CB-9A74-2031B18D09F4}.Release|x86.ActiveCfg = Release|Win32
		{34AE67C5-82A3-48CB-9A74-2031B18D09F4}.Release|x86.Build.0 = Release|Win32
		{E1BE33B6-E591-4348-BE23-B8669EE16F08}.Debug|x64.ActiveCfg = Debug|x64
		{E1BE33B6-E591-4348-BE23-B8669EE16F08}.Debug|x64.Build.0 = Debug|x64
		{E1BE33B6-E591-4348-BE23-B8669EE16F08}.Debug|x86.ActiveCfg = Debug|Win32
		{E1BE33B6-E591-4348-BE23-B8669EE16F08}.Debug|x86.Build.0 = Debug|Win32
		{E1BE33B6-E591-4348-BE23-B8669EE16F08}.Release|x64.ActiveCfg = Release|x64
		{E1BE33B6-E591-4348-BE23-B8669EE16F08}.Release|x64.Build.0 = Release|x64
		{E1BE33B6-E591-4348-BE23-B8669EE16F08}.Release|x86.ActiveCfg = Release|Win32
		{E1BE33B6-E591-4348-BE23-B8669EE16F08}.Release|x86.Build.0 = Release|Win32
	EndGlobalSection
	GlobalSection(SolutionProperties) = preSolution
		HideSolutionNode = FALSE
	EndGlobalSection
	GlobalSection(ExtensibilityGlobals) = postSolution
		SolutionGuid = {0DA24EEF-AA9B-4918-B69D-4EC0D6D5AAAC}
	EndGlobalSection
EndGlobal
